
Microsoft Visual Studio Solution File, Format Version 12.00
# Visual Studio 2013
VisualStudioVersion = 12.0.31101.0
MinimumVisualStudioVersion = 10.0.40219.1
Project("{FAE04EC0-301F-11D3-BF4B-00C04F79EFBC}") = "Soft.Core", "Libraries\Soft.Core\Soft.Core.csproj", "{F4FF8C2B-2A3F-4ECA-BF42-10D143D51FED}"
EndProject
Project("{2150E333-8FDC-42A3-9474-1A3956D46DE8}") = "Libraries", "Libraries", "{000B14A7-0394-4D90-804A-C15FD19B1319}"
EndProject
Project("{2150E333-8FDC-42A3-9474-1A3956D46DE8}") = "Test", "Test", "{41DE07CF-E9A1-48B8-AA81-8B620CE46021}"
EndProject
Project("{FAE04EC0-301F-11D3-BF4B-00C04F79EFBC}") = "Soft.Core.Test", "Tests\Soft.Core.Test\Soft.Core.Test.csproj", "{7E3B1466-F651-4F78-981E-3E5900CB897C}"
EndProject
Project("{FAE04EC0-301F-11D3-BF4B-00C04F79EFBC}") = "Soft.Test", "Tests\Soft.Test\Soft.Test.csproj", "{FE797D30-BA9B-4EB2-BCB1-87D6D27CCCFC}"
EndProject
Project("{FAE04EC0-301F-11D3-BF4B-00C04F79EFBC}") = "Soft.Data.Test", "Tests\Soft.Data.Tests\Soft.Data.Test.csproj", "{77E5AC01-4984-43E3-BF74-CB0B9FF1EE3C}"
EndProject
Project("{FAE04EC0-301F-11D3-BF4B-00C04F79EFBC}") = "Soft.Web.Framework", "Presentation\Soft.Web.Framework\Soft.Web.Framework.csproj", "{04790435-9D60-4394-B4E8-ABC7B3EDBAA9}"
EndProject
Project("{2150E333-8FDC-42A3-9474-1A3956D46DE8}") = "Presentation", "Presentation", "{07D880FA-FAA5-41D9-AA65-C8E8E9875288}"
EndProject
Project("{FAE04EC0-301F-11D3-BF4B-00C04F79EFBC}") = "Soft.Services", "Libraries\Soft.Services\Soft.Services.csproj", "{5A9E34CF-DE05-4742-A6AB-20D85C614AD9}"
EndProject
Project("{FAE04EC0-301F-11D3-BF4B-00C04F79EFBC}") = "Soft.Data", "Libraries\Soft.Data\Soft.Data.csproj", "{2A3F065D-038C-4D38-A9D0-D623610CA817}"
EndProject
Project("{FAE04EC0-301F-11D3-BF4B-00C04F79EFBC}") = "Soft.Services.Test", "Tests\Soft.Services.Test\Soft.Services.Test.csproj", "{4243D94A-2411-41B2-8D08-A1C8F7D5957C}"
EndProject
Project("{2150E333-8FDC-42A3-9474-1A3956D46DE8}") = "Plugins", "Plugins", "{E9CD10E2-998B-4523-BCB7-5319C3D4F847}"
EndProject
Project("{FAE04EC0-301F-11D3-BF4B-00C04F79EFBC}") = "Soft.Web", "Presentation\Soft.Web\Soft.Web.csproj", "{5550F441-3C5C-4356-ADF4-E0B7A3579244}"
EndProject
Project("{FAE04EC0-301F-11D3-BF4B-00C04F79EFBC}") = "Soft.Admin", "Presentation\Soft.Web\Administration\Soft.Admin.csproj", "{2097B179-A3C5-4248-BD80-A500EE80E198}"
EndProject
Project("{FAE04EC0-301F-11D3-BF4B-00C04F79EFBC}") = "Soft.Example.Test", "Tests\Soft.Example.Test\Soft.Example.Test.csproj", "{14118976-BE98-47E2-A9A0-CE025526FEF3}"
EndProject
Global
	GlobalSection(SolutionConfigurationPlatforms) = preSolution
		Debug|Any CPU = Debug|Any CPU
		Release|Any CPU = Release|Any CPU
	EndGlobalSection
	GlobalSection(ProjectConfigurationPlatforms) = postSolution
		{F4FF8C2B-2A3F-4ECA-BF42-10D143D51FED}.Debug|Any CPU.ActiveCfg = Debug|Any CPU
		{F4FF8C2B-2A3F-4ECA-BF42-10D143D51FED}.Debug|Any CPU.Build.0 = Debug|Any CPU
		{F4FF8C2B-2A3F-4ECA-BF42-10D143D51FED}.Release|Any CPU.ActiveCfg = Release|Any CPU
		{F4FF8C2B-2A3F-4ECA-BF42-10D143D51FED}.Release|Any CPU.Build.0 = Release|Any CPU
		{7E3B1466-F651-4F78-981E-3E5900CB897C}.Debug|Any CPU.ActiveCfg = Debug|Any CPU
		{7E3B1466-F651-4F78-981E-3E5900CB897C}.Debug|Any CPU.Build.0 = Debug|Any CPU
		{7E3B1466-F651-4F78-981E-3E5900CB897C}.Release|Any CPU.ActiveCfg = Release|Any CPU
		{7E3B1466-F651-4F78-981E-3E5900CB897C}.Release|Any CPU.Build.0 = Release|Any CPU
		{FE797D30-BA9B-4EB2-BCB1-87D6D27CCCFC}.Debug|Any CPU.ActiveCfg = Debug|Any CPU
		{FE797D30-BA9B-4EB2-BCB1-87D6D27CCCFC}.Debug|Any CPU.Build.0 = Debug|Any CPU
		{FE797D30-BA9B-4EB2-BCB1-87D6D27CCCFC}.Release|Any CPU.ActiveCfg = Release|Any CPU
		{FE797D30-BA9B-4EB2-BCB1-87D6D27CCCFC}.Release|Any CPU.Build.0 = Release|Any CPU
		{77E5AC01-4984-43E3-BF74-CB0B9FF1EE3C}.Debug|Any CPU.ActiveCfg = Debug|Any CPU
		{77E5AC01-4984-43E3-BF74-CB0B9FF1EE3C}.Debug|Any CPU.Build.0 = Debug|Any CPU
		{77E5AC01-4984-43E3-BF74-CB0B9FF1EE3C}.Release|Any CPU.ActiveCfg = Release|Any CPU
		{77E5AC01-4984-43E3-BF74-CB0B9FF1EE3C}.Release|Any CPU.Build.0 = Release|Any CPU
		{04790435-9D60-4394-B4E8-ABC7B3EDBAA9}.Debug|Any CPU.ActiveCfg = Debug|Any CPU
		{04790435-9D60-4394-B4E8-ABC7B3EDBAA9}.Debug|Any CPU.Build.0 = Debug|Any CPU
		{04790435-9D60-4394-B4E8-ABC7B3EDBAA9}.Release|Any CPU.ActiveCfg = Release|Any CPU
		{04790435-9D60-4394-B4E8-ABC7B3EDBAA9}.Release|Any CPU.Build.0 = Release|Any CPU
		{5A9E34CF-DE05-4742-A6AB-20D85C614AD9}.Debug|Any CPU.ActiveCfg = Debug|Any CPU
		{5A9E34CF-DE05-4742-A6AB-20D85C614AD9}.Debug|Any CPU.Build.0 = Debug|Any CPU
		{5A9E34CF-DE05-4742-A6AB-20D85C614AD9}.Release|Any CPU.ActiveCfg = Release|Any CPU
		{5A9E34CF-DE05-4742-A6AB-20D85C614AD9}.Release|Any CPU.Build.0 = Release|Any CPU
		{2A3F065D-038C-4D38-A9D0-D623610CA817}.Debug|Any CPU.ActiveCfg = Debug|Any CPU
		{2A3F065D-038C-4D38-A9D0-D623610CA817}.Debug|Any CPU.Build.0 = Debug|Any CPU
		{2A3F065D-038C-4D38-A9D0-D623610CA817}.Release|Any CPU.ActiveCfg = Release|Any CPU
		{2A3F065D-038C-4D38-A9D0-D623610CA817}.Release|Any CPU.Build.0 = Release|Any CPU
		{4243D94A-2411-41B2-8D08-A1C8F7D5957C}.Debug|Any CPU.ActiveCfg = Debug|Any CPU
		{4243D94A-2411-41B2-8D08-A1C8F7D5957C}.Debug|Any CPU.Build.0 = Debug|Any CPU
		{4243D94A-2411-41B2-8D08-A1C8F7D5957C}.Release|Any CPU.ActiveCfg = Release|Any CPU
		{4243D94A-2411-41B2-8D08-A1C8F7D5957C}.Release|Any CPU.Build.0 = Release|Any CPU
		{5550F441-3C5C-4356-ADF4-E0B7A3579244}.Debug|Any CPU.ActiveCfg = Debug|Any CPU
		{5550F441-3C5C-4356-ADF4-E0B7A3579244}.Debug|Any CPU.Build.0 = Debug|Any CPU
		{5550F441-3C5C-4356-ADF4-E0B7A3579244}.Release|Any CPU.ActiveCfg = Release|Any CPU
		{5550F441-3C5C-4356-ADF4-E0B7A3579244}.Release|Any CPU.Build.0 = Release|Any CPU
		{2097B179-A3C5-4248-BD80-A500EE80E198}.Debug|Any CPU.ActiveCfg = Debug|Any CPU
		{2097B179-A3C5-4248-BD80-A500EE80E198}.Debug|Any CPU.Build.0 = Debug|Any CPU
		{2097B179-A3C5-4248-BD80-A500EE80E198}.Release|Any CPU.ActiveCfg = Release|Any CPU
		{2097B179-A3C5-4248-BD80-A500EE80E198}.Release|Any CPU.Build.0 = Release|Any CPU
		{14118976-BE98-47E2-A9A0-CE025526FEF3}.Debug|Any CPU.ActiveCfg = Debug|Any CPU
		{14118976-BE98-47E2-A9A0-CE025526FEF3}.Debug|Any CPU.Build.0 = Debug|Any CPU
		{14118976-BE98-47E2-A9A0-CE025526FEF3}.Release|Any CPU.ActiveCfg = Release|Any CPU
		{14118976-BE98-47E2-A9A0-CE025526FEF3}.Release|Any CPU.Build.0 = Release|Any CPU
	EndGlobalSection
	GlobalSection(SolutionProperties) = preSolution
		HideSolutionNode = FALSE
	EndGlobalSection
	GlobalSection(NestedProjects) = preSolution
		{F4FF8C2B-2A3F-4ECA-BF42-10D143D51FED} = {000B14A7-0394-4D90-804A-C15FD19B1319}
		{7E3B1466-F651-4F78-981E-3E5900CB897C} = {41DE07CF-E9A1-48B8-AA81-8B620CE46021}
		{FE797D30-BA9B-4EB2-BCB1-87D6D27CCCFC} = {41DE07CF-E9A1-48B8-AA81-8B620CE46021}
		{77E5AC01-4984-43E3-BF74-CB0B9FF1EE3C} = {41DE07CF-E9A1-48B8-AA81-8B620CE46021}
		{04790435-9D60-4394-B4E8-ABC7B3EDBAA9} = {07D880FA-FAA5-41D9-AA65-C8E8E9875288}
		{5A9E34CF-DE05-4742-A6AB-20D85C614AD9} = {000B14A7-0394-4D90-804A-C15FD19B1319}
		{2A3F065D-038C-4D38-A9D0-D623610CA817} = {000B14A7-0394-4D90-804A-C15FD19B1319}
		{4243D94A-2411-41B2-8D08-A1C8F7D5957C} = {41DE07CF-E9A1-48B8-AA81-8B620CE46021}
		{5550F441-3C5C-4356-ADF4-E0B7A3579244} = {07D880FA-FAA5-41D9-AA65-C8E8E9875288}
		{2097B179-A3C5-4248-BD80-A500EE80E198} = {07D880FA-FAA5-41D9-AA65-C8E8E9875288}
		{14118976-BE98-47E2-A9A0-CE025526FEF3} = {41DE07CF-E9A1-48B8-AA81-8B620CE46021}
	EndGlobalSection
EndGlobal
